lockfileVersion: '6.0'

settings:
  autoInstallPeers: true
  excludeLinksFromLockfile: false

importers:

  .:
    devDependencies:
      '@biomejs/biome':
        specifier: ^1.7.3
        version: 1.7.3
      turbo:
        specifier: ^1.13.2
        version: 1.13.2
      typescript:
        specifier: ^5.4.5
        version: 5.4.5

  apps/bot:
    dependencies:
      '@mist/database':
        specifier: workspace:*
        version: link:../../packages/database
      '@sapphire/discord.js-utilities':
        specifier: ^7.2.1
        version: 7.2.1
      '@sapphire/framework':
        specifier: ^5.2.1
        version: 5.2.1
      '@sapphire/pieces':
        specifier: ^4.2.2
        version: 4.2.2
      '@sapphire/plugin-i18next':
        specifier: ^7.1.2
        version: 7.1.2
      '@sapphire/plugin-logger':
        specifier: ^4.0.2
        version: 4.0.2
      '@sapphire/plugin-subcommands':
        specifier: ^6.0.3
        version: 6.0.3
      discord.js:
        specifier: 14.x
        version: 14.14.1
      dotenv:
        specifier: ^16.4.5
        version: 16.4.5
      lodash:
        specifier: ^4.17.21
        version: 4.17.21
      zod:
        specifier: ^3.22.4
        version: 3.22.4
    devDependencies:
      '@types/lodash':
        specifier: ^4.17.4
        version: 4.17.4
      '@types/node':
        specifier: ^20.12.7
        version: 20.12.7
      nodemon:
        specifier: ^3.1.0
        version: 3.1.0
      rimraf:
        specifier: ^5.0.7
        version: 5.0.7
      type-fest:
        specifier: ^4.15.0
        version: 4.15.0

  packages/database:
    dependencies:
      '@prisma/client':
        specifier: 5.14.0
        version: 5.14.0(prisma@5.14.0)
      '@types/node':
        specifier: ^20.12.7
        version: 20.12.7
      mysql2:
        specifier: ^3.9.4
        version: 3.9.4
    devDependencies:
      dotenv-cli:
        specifier: ^7.4.2
        version: 7.4.2
      prisma:
        specifier: ^5.14.0
        version: 5.14.0

packages:

  /@babel/runtime@7.24.5:
    resolution: {integrity: sha512-Nms86NXrsaeU9vbBJKni6gXiEXZ4CVpYVzEjDH9Sb8vmZ3UljyA1GSOJl/6LGPO8EHLuSF9H+IxNXHPX8QHJ4g==}
    engines: {node: '>=6.9.0'}
    dependencies:
      regenerator-runtime: 0.14.1
    dev: false

  /@biomejs/biome@1.7.3:
    resolution: {integrity: sha512-ogFQI+fpXftr+tiahA6bIXwZ7CSikygASdqMtH07J2cUzrpjyTMVc9Y97v23c7/tL1xCZhM+W9k4hYIBm7Q6cQ==}
    engines: {node: '>=14.21.3'}
    hasBin: true
    requiresBuild: true
    optionalDependencies:
      '@biomejs/cli-darwin-arm64': 1.7.3
      '@biomejs/cli-darwin-x64': 1.7.3
      '@biomejs/cli-linux-arm64': 1.7.3
      '@biomejs/cli-linux-arm64-musl': 1.7.3
      '@biomejs/cli-linux-x64': 1.7.3
      '@biomejs/cli-linux-x64-musl': 1.7.3
      '@biomejs/cli-win32-arm64': 1.7.3
      '@biomejs/cli-win32-x64': 1.7.3
    dev: true

  /@biomejs/cli-darwin-arm64@1.7.3:
    resolution: {integrity: sha512-eDvLQWmGRqrPIRY7AIrkPHkQ3visEItJKkPYSHCscSDdGvKzYjmBJwG1Gu8+QC5ed6R7eiU63LEC0APFBobmfQ==}
    engines: {node: '>=14.21.3'}
    cpu: [arm64]
    os: [darwin]
    requiresBuild: true
    dev: true
    optional: true

  /@biomejs/cli-darwin-x64@1.7.3:
    resolution: {integrity: sha512-JXCaIseKRER7dIURsVlAJacnm8SG5I0RpxZ4ya3dudASYUc68WGl4+FEN03ABY3KMIq7hcK1tzsJiWlmXyosZg==}
    engines: {node: '>=14.21.3'}
    cpu: [x64]
    os: [darwin]
    requiresBuild: true
    dev: true
    optional: true

  /@biomejs/cli-linux-arm64-musl@1.7.3:
    resolution: {integrity: sha512-c8AlO45PNFZ1BYcwaKzdt46kYbuP6xPGuGQ6h4j3XiEDpyseRRUy/h+6gxj07XovmyxKnSX9GSZ6nVbZvcVUAw==}
    engines: {node: '>=14.21.3'}
    cpu: [arm64]
    os: [linux]
    requiresBuild: true
    dev: true
    optional: true

  /@biomejs/cli-linux-arm64@1.7.3:
    resolution: {integrity: sha512-phNTBpo7joDFastnmZsFjYcDYobLTx4qR4oPvc9tJ486Bd1SfEVPHEvJdNJrMwUQK56T+TRClOQd/8X1nnjA9w==}
    engines: {node: '>=14.21.3'}
    cpu: [arm64]
    os: [linux]
    requiresBuild: true
    dev: true
    optional: true

  /@biomejs/cli-linux-x64-musl@1.7.3:
    resolution: {integrity: sha512-UdEHKtYGWEX3eDmVWvQeT+z05T9/Sdt2+F/7zmMOFQ7boANeX8pcO6EkJPK3wxMudrApsNEKT26rzqK6sZRTRA==}
    engines: {node: '>=14.21.3'}
    cpu: [x64]
    os: [linux]
    requiresBuild: true
    dev: true
    optional: true

  /@biomejs/cli-linux-x64@1.7.3:
    resolution: {integrity: sha512-vnedYcd5p4keT3iD48oSKjOIRPYcjSNNbd8MO1bKo9ajg3GwQXZLAH+0Cvlr+eMsO67/HddWmscSQwTFrC/uPA==}
    engines: {node: '>=14.21.3'}
    cpu: [x64]
    os: [linux]
    requiresBuild: true
    dev: true
    optional: true

  /@biomejs/cli-win32-arm64@1.7.3:
    resolution: {integrity: sha512-unNCDqUKjujYkkSxs7gFIfdasttbDC4+z0kYmcqzRk6yWVoQBL4dNLcCbdnJS+qvVDNdI9rHp2NwpQ0WAdla4Q==}
    engines: {node: '>=14.21.3'}
    cpu: [arm64]
    os: [win32]
    requiresBuild: true
    dev: true
    optional: true

  /@biomejs/cli-win32-x64@1.7.3:
    resolution: {integrity: sha512-ZmByhbrnmz/UUFYB622CECwhKIPjJLLPr5zr3edhu04LzbfcOrz16VYeNq5dpO1ADG70FORhAJkaIGdaVBG00w==}
    engines: {node: '>=14.21.3'}
    cpu: [x64]
    os: [win32]
    requiresBuild: true
    dev: true
    optional: true

  /@discordjs/builders@1.7.0:
    resolution: {integrity: sha512-GDtbKMkg433cOZur8Dv6c25EHxduNIBsxeHrsRoIM8+AwmEZ8r0tEpckx/sHwTLwQPOF3e2JWloZh9ofCaMfAw==}
    engines: {node: '>=16.11.0'}
    dependencies:
      '@discordjs/formatters': 0.3.3
      '@discordjs/util': 1.0.2
      '@sapphire/shapeshift': 3.9.7
      discord-api-types: 0.37.61
      fast-deep-equal: 3.1.3
      ts-mixer: 6.0.4
      tslib: 2.6.2
    dev: false

  /@discordjs/builders@1.8.1:
    resolution: {integrity: sha512-GkF+HM01FHy+NSoTaUPR8z44otfQgJ1AIsRxclYGUZDyUbdZEFyD/5QVv2Y1Flx6M+B0bQLzg2M9CJv5lGTqpA==}
    engines: {node: '>=16.11.0'}
    dependencies:
      '@discordjs/formatters': 0.4.0
      '@discordjs/util': 1.1.0
      '@sapphire/shapeshift': 3.9.7
      discord-api-types: 0.37.83
      fast-deep-equal: 3.1.3
      ts-mixer: 6.0.4
      tslib: 2.6.2
    dev: false

  /@discordjs/collection@1.5.3:
    resolution: {integrity: sha512-SVb428OMd3WO1paV3rm6tSjM4wC+Kecaa1EUGX7vc6/fddvw/6lg90z4QtCqm21zvVe92vMMDt9+DkIvjXImQQ==}
    engines: {node: '>=16.11.0'}
    dev: false

  /@discordjs/collection@2.0.0:
    resolution: {integrity: sha512-YTWIXLrf5FsrLMycpMM9Q6vnZoR/lN2AWX23/Cuo8uOOtS8eHB2dyQaaGnaF8aZPYnttf2bkLMcXn/j6JUOi3w==}
    engines: {node: '>=18'}
    dev: false

  /@discordjs/formatters@0.3.3:
    resolution: {integrity: sha512-wTcI1Q5cps1eSGhl6+6AzzZkBBlVrBdc9IUhJbijRgVjCNIIIZPgqnUj3ntFODsHrdbGU8BEG9XmDQmgEEYn3w==}
    engines: {node: '>=16.11.0'}
    dependencies:
      discord-api-types: 0.37.61
    dev: false

  /@discordjs/formatters@0.4.0:
    resolution: {integrity: sha512-fJ06TLC1NiruF35470q3Nr1bi95BdvKFAF+T5bNfZJ4bNdqZ3VZ+Ttg6SThqTxm6qumSG3choxLBHMC69WXNXQ==}
    engines: {node: '>=16.11.0'}
    dependencies:
      discord-api-types: 0.37.83
    dev: false

  /@discordjs/rest@2.2.0:
    resolution: {integrity: sha512-nXm9wT8oqrYFRMEqTXQx9DUTeEtXUDMmnUKIhZn6O2EeDY9VCdwj23XCPq7fkqMPKdF7ldAfeVKyxxFdbZl59A==}
    engines: {node: '>=16.11.0'}
    dependencies:
      '@discordjs/collection': 2.0.0
      '@discordjs/util': 1.0.2
      '@sapphire/async-queue': 1.5.2
      '@sapphire/snowflake': 3.5.1
      '@vladfrangu/async_event_emitter': 2.2.4
      discord-api-types: 0.37.61
      magic-bytes.js: 1.10.0
      tslib: 2.6.2
      undici: 5.27.2
    dev: false

  /@discordjs/util@1.0.2:
    resolution: {integrity: sha512-IRNbimrmfb75GMNEjyznqM1tkI7HrZOf14njX7tCAAUetyZM1Pr8hX/EK2lxBCOgWDRmigbp24fD1hdMfQK5lw==}
    engines: {node: '>=16.11.0'}
    dev: false

  /@discordjs/util@1.1.0:
    resolution: {integrity: sha512-IndcI5hzlNZ7GS96RV3Xw1R2kaDuXEp7tRIy/KlhidpN/BQ1qh1NZt3377dMLTa44xDUNKT7hnXkA/oUAzD/lg==}
    engines: {node: '>=16.11.0'}
    dev: false

  /@discordjs/ws@1.0.2:
    resolution: {integrity: sha512-+XI82Rm2hKnFwAySXEep4A7Kfoowt6weO6381jgW+wVdTpMS/56qCvoXyFRY0slcv7c/U8My2PwIB2/wEaAh7Q==}
    engines: {node: '>=16.11.0'}
    dependencies:
      '@discordjs/collection': 2.0.0
      '@discordjs/rest': 2.2.0
      '@discordjs/util': 1.0.2
      '@sapphire/async-queue': 1.5.2
      '@types/ws': 8.5.9
      '@vladfrangu/async_event_emitter': 2.2.4
      discord-api-types: 0.37.61
      tslib: 2.6.2
      ws: 8.14.2
    transitivePeerDependencies:
      - bufferutil
      - utf-8-validate
    dev: false

  /@fastify/busboy@2.1.1:
    resolution: {integrity: sha512-vBZP4NlzfOlerQTnba4aqZoMhE/a9HY7HRqoOPaETQcSQuWEIyZMHGfVu6w9wGtGK5fED5qRs2DteVCjOH60sA==}
    engines: {node: '>=14'}
    dev: false

  /@isaacs/cliui@8.0.2:
    resolution: {integrity: sha512-O8jcjabXaleOG9DQ0+ARXWZBTfnP4WNAqzuiJK7ll44AmxGKv/J2M4TPjxjY3znBCfvBXFzucm1twdyFybFqEA==}
    engines: {node: '>=12'}
    dependencies:
      string-width: 5.1.2
      string-width-cjs: /string-width@4.2.3
      strip-ansi: 7.1.0
      strip-ansi-cjs: /strip-ansi@6.0.1
      wrap-ansi: 8.1.0
      wrap-ansi-cjs: /wrap-ansi@7.0.0
    dev: true

  /@pkgjs/parseargs@0.11.0:
    resolution: {integrity: sha512-+1VkjdD0QBLPodGrJUeqarH8VAIvQODIbwh9XpP5Syisf7YoQgsJKPNFoqqLQlu+VQ/tVSshMR6loPMn8U+dPg==}
    engines: {node: '>=14'}
    requiresBuild: true
    dev: true
    optional: true

  /@prisma/client@5.14.0(prisma@5.14.0):
    resolution: {integrity: sha512-akMSuyvLKeoU4LeyBAUdThP/uhVP3GuLygFE3MlYzaCb3/J8SfsYBE5PkaFuLuVpLyA6sFoW+16z/aPhNAESqg==}
    engines: {node: '>=16.13'}
    requiresBuild: true
    peerDependencies:
      prisma: '*'
    peerDependenciesMeta:
      prisma:
        optional: true
    dependencies:
      prisma: 5.14.0
    dev: false

  /@prisma/debug@5.14.0:
    resolution: {integrity: sha512-iq56qBZuFfX3fCxoxT8gBX33lQzomBU0qIUaEj1RebsKVz1ob/BVH1XSBwwwvRVtZEV1b7Fxx2eVu34Ge/mg3w==}

  /@prisma/engines-version@5.14.0-25.e9771e62de70f79a5e1c604a2d7c8e2a0a874b48:
    resolution: {integrity: sha512-ip6pNkRo1UxWv+6toxNcYvItNYaqQjXdFNGJ+Nuk2eYtRoEdoF13wxo7/jsClJFFenMPVNVqXQDV0oveXnR1cA==}

  /@prisma/engines@5.14.0:
    resolution: {integrity: sha512-lgxkKZ6IEygVcw6IZZUlPIfLQ9hjSYAtHjZ5r64sCLDgVzsPFCi2XBBJgzPMkOQ5RHzUD4E/dVdpn9+ez8tk1A==}
    requiresBuild: true
    dependencies:
      '@prisma/debug': 5.14.0
      '@prisma/engines-version': 5.14.0-25.e9771e62de70f79a5e1c604a2d7c8e2a0a874b48
      '@prisma/fetch-engine': 5.14.0
      '@prisma/get-platform': 5.14.0

  /@prisma/fetch-engine@5.14.0:
    resolution: {integrity: sha512-VrheA9y9DMURK5vu8OJoOgQpxOhas3qF0IBHJ8G/0X44k82kc8E0w98HCn2nhnbOOMwbWsJWXfLC2/F8n5u0gQ==}
    dependencies:
      '@prisma/debug': 5.14.0
      '@prisma/engines-version': 5.14.0-25.e9771e62de70f79a5e1c604a2d7c8e2a0a874b48
      '@prisma/get-platform': 5.14.0

  /@prisma/get-platform@5.14.0:
    resolution: {integrity: sha512-/yAyBvcEjRv41ynZrhdrPtHgk47xLRRq/o5eWGcUpBJ1YrUZTYB8EoPiopnP7iQrMATK8stXQdPOoVlrzuTQZw==}
    dependencies:
      '@prisma/debug': 5.14.0

  /@sapphire/async-queue@1.5.2:
    resolution: {integrity: sha512-7X7FFAA4DngXUl95+hYbUF19bp1LGiffjJtu7ygrZrbdCSsdDDBaSjB7Akw0ZbOu6k0xpXyljnJ6/RZUvLfRdg==}
    engines: {node: '>=v14.0.0', npm: '>=7.0.0'}
    dev: false

  /@sapphire/discord-utilities@3.2.3:
    resolution: {integrity: sha512-tGR1gp7djEEFuIFcj4fa0kaaJ/+sfm9UHHav6hSCvwytP33tUAIiH7hJhgbM/B7/WWCiwDIZXGBdKg9Wwc0TdA==}
    engines: {node: '>=v14.0.0', npm: '>=7.0.0'}
    dependencies:
      discord-api-types: 0.37.84
    dev: false

  /@sapphire/discord.js-utilities@7.2.1:
    resolution: {integrity: sha512-Yq9mml/QhH/1GWylo4XyjrIZRo1KVkX5r4e1Vo14cR6Ce2eI9TJLqyFKl/0ZFQiLPr0YDLxfrqxd2WSXA6uUyw==}
    engines: {node: '>=16.6.0', npm: '>=7.0.0'}
    dependencies:
      '@sapphire/discord-utilities': 3.2.3
      '@sapphire/duration': 1.1.2
      '@sapphire/utilities': 3.15.3
      tslib: 2.6.2
    dev: false

  /@sapphire/duration@1.1.2:
    resolution: {integrity: sha512-m+DpXedUHdnH3rM6P9Hiyb9dpdXKb8WeTAVIug0QuN8tarQedbymbOor+UFmBfCbKOkoW9HvGK10xDwDvSfKrw==}
    engines: {node: '>=v14.0.0', npm: '>=7.0.0'}
    dev: false

  /@sapphire/framework@5.2.1:
    resolution: {integrity: sha512-47V3BPe3On3SB+Mbdb4eWPnKfNKV5Js1rLUyt+74WUY+MsS2Utja6Y26gswqk+GW3jqiX67tWTnIK3els+PVsw==}
    engines: {node: '>=v18', npm: '>=7'}
    dependencies:
      '@discordjs/builders': 1.8.1
      '@sapphire/discord-utilities': 3.2.3
      '@sapphire/discord.js-utilities': 7.2.1
      '@sapphire/lexure': 1.1.7
      '@sapphire/pieces': 4.2.2
      '@sapphire/ratelimits': 2.4.9
      '@sapphire/result': 2.6.6
      '@sapphire/stopwatch': 1.5.2
      '@sapphire/utilities': 3.15.3
    dev: false

  /@sapphire/lexure@1.1.7:
    resolution: {integrity: sha512-6PqU2/V+w1k4DHbZ8erIH+iaT/kAmLfReiWNUURt1akfrPTWqlVYWfuxkHXF0JMPk53r4NIkZoitiWwGUtPF+Q==}
    engines: {node: '>=v14.0.0', npm: '>=7.0.0'}
    dependencies:
      '@sapphire/result': 2.6.6
    dev: false

  /@sapphire/pieces@4.2.2:
    resolution: {integrity: sha512-DvAC+zTgm5o41D6iX+jBjMp+rRmoHPKNYnav6v6vQLTxBJb+iFMmup9ZREiuXdrh1ejrmVRZojnnI59xQgezwQ==}
    engines: {node: '>=v14.0.0', npm: '>=7.0.0'}
    dependencies:
      '@discordjs/collection': 1.5.3
      '@sapphire/utilities': 3.15.3
      tslib: 2.6.2
    dev: false

  /@sapphire/plugin-i18next@7.1.2:
    resolution: {integrity: sha512-jy7Q/s1TmZNTs3nYC9KRFkojo04rpFD/5V65z/2VkaWZLdBBTu3sjKIu57YDCpHnY4OxGWHOSXAl9xkVuqKaOw==}
    engines: {node: '>=v18', npm: '>=7'}
    dependencies:
      '@sapphire/utilities': 3.15.3
      '@skyra/i18next-backend': 2.0.5
      chokidar: 3.6.0
      i18next: 23.11.4
    dev: false

  /@sapphire/plugin-logger@4.0.2:
    resolution: {integrity: sha512-5Nr++u+fA3/jZwj1aL9Z16RgyJZRE1gyUftfWjrzdndE5FkcbnLiVCKvnI8WzSupVhdn6kMaCWAteOSgAaq3lQ==}
    engines: {node: '>=v18', npm: '>=7'}
    dependencies:
      '@sapphire/timestamp': 1.0.3
      colorette: 2.0.20
    dev: false

  /@sapphire/plugin-subcommands@6.0.3:
    resolution: {integrity: sha512-SLDlTjMrMpb3s89ZjrBvVbMWsXfNNciO6SnNQdKLKTUQwktaYxIdj+k3MmEWpN19i8W9ogRvIrLl0Hw20pPUng==}
    engines: {node: '>=v18', npm: '>=7'}
    dependencies:
      '@sapphire/utilities': 3.15.3
      tslib: 2.6.2
    dev: false

  /@sapphire/ratelimits@2.4.9:
    resolution: {integrity: sha512-eEE385IrFsD90gg696MWNqbeDjo1ZgtBvL66BezIwJEwDguhLP5AVsBsT4uCacX/92aeHl8i2nVvtusIBXZNSg==}
    engines: {node: '>=v14.0.0', npm: '>=7.0.0'}
    dev: false

  /@sapphire/result@2.6.6:
    resolution: {integrity: sha512-QCjj7X/QlY0QUCeAaZQmnrsMH/b2BMQYee3F1Y5iF17JagUQqO3KZlG7vfXWQU3SRAJX5OgZZynBjixUH+nNGg==}
    engines: {node: '>=v14.0.0', npm: '>=7.0.0'}
    dev: false

  /@sapphire/shapeshift@3.9.7:
    resolution: {integrity: sha512-4It2mxPSr4OGn4HSQWGmhFMsNFGfFVhWeRPCRwbH972Ek2pzfGRZtb0pJ4Ze6oIzcyh2jw7nUDa6qGlWofgd9g==}
    engines: {node: '>=v16'}
    dependencies:
      fast-deep-equal: 3.1.3
      lodash: 4.17.21
    dev: false

  /@sapphire/snowflake@3.5.1:
    resolution: {integrity: sha512-BxcYGzgEsdlG0dKAyOm0ehLGm2CafIrfQTZGWgkfKYbj+pNNsorZ7EotuZukc2MT70E0UbppVbtpBrqpzVzjNA==}
    engines: {node: '>=v14.0.0', npm: '>=7.0.0'}
    dev: false

  /@sapphire/stopwatch@1.5.2:
    resolution: {integrity: sha512-FrR1GnaEIuXpEfnaz7DjNgoN/Cp8dJ5XFgb8CxXTCAJi8LYk0YsyGSdmmcs9R3ZNZrA1vOSv0dFVLitgiVA36Q==}
    engines: {node: '>=v14.0.0', npm: '>=7.0.0'}
    dependencies:
      tslib: 2.6.2
    dev: false

  /@sapphire/timestamp@1.0.3:
    resolution: {integrity: sha512-I2TwqlLDA2Uu576VUgyBaT1gP1WSWPxeW3NqFxsSJfwFyvzXkTzyQiYce0eWMpM6BdBCq7Dddg+Yayls/5K1RA==}
    engines: {node: '>=v14.0.0', npm: '>=7.0.0'}
    dev: false

  /@sapphire/utilities@3.15.3:
    resolution: {integrity: sha512-K5dFGOB5XvblXFN+Av+Tch/dVBAifmxtZ9/2mFo8VqzbiaFJIRUuoPAoNsp8pWYaU423yV8bfD8WsCSNd9w1YQ==}
    engines: {node: '>=v14.0.0'}
    dev: false

  /@skyra/i18next-backend@2.0.5:
    resolution: {integrity: sha512-qa8gzWedaMDE4TV8OROvbL1zQ/fK1k5rnuBZ2LR1YIVX9QO/Nwl/W+1vaBWNYR1Kd3c0HP6F+FhwJHqY08WAyQ==}
    engines: {node: '>=16.9.0', npm: '>=8.0.0'}
    dependencies:
      tslib: 2.6.2
    dev: false

  /@types/lodash@4.17.4:
    resolution: {integrity: sha512-wYCP26ZLxaT3R39kiN2+HcJ4kTd3U1waI/cY7ivWYqFP6pW3ZNpvi6Wd6PHZx7T/t8z0vlkXMg3QYLa7DZ/IJQ==}
    dev: true

  /@types/node@20.12.7:
    resolution: {integrity: sha512-wq0cICSkRLVaf3UGLMGItu/PtdY7oaXaI/RVU+xliKVOtRna3PRY57ZDfztpDL0n11vfymMUnXv8QwYCO7L1wg==}
    dependencies:
      undici-types: 5.26.5

  /@types/ws@8.5.9:
    resolution: {integrity: sha512-jbdrY0a8lxfdTp/+r7Z4CkycbOFN8WX+IOchLJr3juT/xzbJ8URyTVSJ/hvNdadTgM1mnedb47n+Y31GsFnQlg==}
    dependencies:
      '@types/node': 20.12.7
    dev: false

  /@vladfrangu/async_event_emitter@2.2.4:
    resolution: {integrity: sha512-ButUPz9E9cXMLgvAW8aLAKKJJsPu1dY1/l/E8xzLFuysowXygs6GBcyunK9rnGC4zTsnIc2mQo71rGw9U+Ykug==}
    engines: {node: '>=v14.0.0', npm: '>=7.0.0'}
    dev: false

  /ansi-regex@5.0.1:
    resolution: {integrity: sha512-quJQXlTSUGL2LH9SUXo8VwsY4soanhgo6LNSm84E1LBcE8s3O0wpdiRzyR9z/ZZJMlMWv37qOOb9pdJlMUEKFQ==}
    engines: {node: '>=8'}
    dev: true

  /ansi-regex@6.0.1:
    resolution: {integrity: sha512-n5M855fKb2SsfMIiFFoVrABHJC8QtHwVx+mHWP3QcEqBHYienj5dHSgjbxtC0WEZXYt4wcD6zrQElDPhFuZgfA==}
    engines: {node: '>=12'}
    dev: true

  /ansi-styles@4.3.0:
    resolution: {integrity: sha512-zbB9rCJAT1rbjiVDb2hqKFHNYLxgtk8NURxZ3IZwD3F6NtxbXZQCnnSi1Lkx+IDohdPlFp222wVALIheZJQSEg==}
    engines: {node: '>=8'}
    dependencies:
      color-convert: 2.0.1
    dev: true

  /ansi-styles@6.2.1:
    resolution: {integrity: sha512-bN798gFfQX+viw3R7yrGWRqnrN2oRkEkUjjl4JNn4E8GxxbjtG3FbrEIIY3l8/hrwUwIeCZvi4QuOTP4MErVug==}
    engines: {node: '>=12'}
    dev: true

  /anymatch@3.1.3:
    resolution: {integrity: sha512-KMReFUr0B4t+D+OBkjR3KYqvocp2XaSzO55UcB6mgQMd3KbcE+mWTyvVV7D/zsdEbNnV6acZUutkiHQXvTr1Rw==}
    engines: {node: '>= 8'}
    dependencies:
      normalize-path: 3.0.0
      picomatch: 2.3.1

  /balanced-match@1.0.2:
    resolution: {integrity: sha512-3oSeUO0TMV67hN1AmbXsK4yaqU7tjiHlbxRDZOpH0KW9+CeX4bRAaX0Anxt0tx2MrpRpWwQaPwIlISEJhYU5Pw==}
    dev: true

  /binary-extensions@2.3.0:
    resolution: {integrity: sha512-Ceh+7ox5qe7LJuLHoY0feh3pHuUDHAcRUeyL2VYghZwfpkNIy/+8Ocg0a3UuSoYzavmylwuLWQOf3hl0jjMMIw==}
    engines: {node: '>=8'}

  /brace-expansion@1.1.11:
    resolution: {integrity: sha512-iCuPHDFgrHX7H2vEI/5xpz07zSHB00TpugqhmYtVmMO6518mCuRMoOYFldEBl0g187ufozdaHgWKcYFb61qGiA==}
    dependencies:
      balanced-match: 1.0.2
      concat-map: 0.0.1
    dev: true

  /brace-expansion@2.0.1:
    resolution: {integrity: sha512-XnAIvQ8eM+kC6aULx6wuQiwVsnzsi9d3WxzV3FpWTGA19F621kwdbsAcFKXgKUHZWsy+mY6iL1sHTxWEFCytDA==}
    dependencies:
      balanced-match: 1.0.2
    dev: true

  /braces@3.0.2:
    resolution: {integrity: sha512-b8um+L1RzM3WDSzvhm6gIz1yfTbBt6YTlcEKAvsmqCZZFw46z626lVj9j1yEPW33H5H+lBQpZMP1k8l+78Ha0A==}
    engines: {node: '>=8'}
    dependencies:
      fill-range: 7.0.1

  /chokidar@3.6.0:
    resolution: {integrity: sha512-7VT13fmjotKpGipCW9JEQAusEPE+Ei8nl6/g4FBAmIm0GOOLMua9NDDo/DWp0ZAxCr3cPq5ZpBqmPAQgDda2Pw==}
    engines: {node: '>= 8.10.0'}
    dependencies:
      anymatch: 3.1.3
      braces: 3.0.2
      glob-parent: 5.1.2
      is-binary-path: 2.1.0
      is-glob: 4.0.3
      normalize-path: 3.0.0
      readdirp: 3.6.0
    optionalDependencies:
      fsevents: 2.3.3

  /color-convert@2.0.1:
    resolution: {integrity: sha512-RRECPsj7iu/xb5oKYcsFHSppFNnsj/52OVTRKb4zP5onXwVF3zVmmToNcOfGC+CRDpfK/U584fMg38ZHCaElKQ==}
    engines: {node: '>=7.0.0'}
    dependencies:
      color-name: 1.1.4
    dev: true

  /color-name@1.1.4:
    resolution: {integrity: sha512-dOy+3AuW3a2wNbZHIuMZpTcgjGuLU/uBL/ubcZF9OXbDo8ff4O8yVp5Bf0efS8uEoYo5q4Fx7dY9OgQGXgAsQA==}
    dev: true

  /colorette@2.0.20:
    resolution: {integrity: sha512-IfEDxwoWIjkeXL1eXcDiow4UbKjhLdq6/EuSVR9GMN7KVH3r9gQ83e73hsz1Nd1T3ijd5xv1wcWRYO+D6kCI2w==}
    dev: false

  /concat-map@0.0.1:
    resolution: {integrity: sha512-/Srv4dswyQNBfohGpz9o6Yb3Gz3SrUDqBH5rTuhGR7ahtlbYKnVxw2bCFMRljaA7EXHaXZ8wsHdodFvbkhKmqg==}
    dev: true

  /cross-spawn@7.0.3:
    resolution: {integrity: sha512-iRDPJKUPVEND7dHPO8rkbOnPpyDygcDFtWjpeWNCgy8WP2rXcxXL8TskReQl6OrB2G7+UJrags1q15Fudc7G6w==}
    engines: {node: '>= 8'}
    dependencies:
      path-key: 3.1.1
      shebang-command: 2.0.0
      which: 2.0.2
    dev: true

  /debug@4.3.4(supports-color@5.5.0):
    resolution: {integrity: sha512-PRWFHuSU3eDtQJPvnNY7Jcket1j0t5OuOsFzPPzsekD52Zl8qUfFIPEiswXqIvHWGVHOgX+7G/vCNNhehwxfkQ==}
    engines: {node: '>=6.0'}
    peerDependencies:
      supports-color: '*'
    peerDependenciesMeta:
      supports-color:
        optional: true
    dependencies:
      ms: 2.1.2
      supports-color: 5.5.0
    dev: true

  /denque@2.1.0:
    resolution: {integrity: sha512-HVQE3AAb/pxF8fQAoiqpvg9i3evqug3hoiwakOyZAwJm+6vZehbkYXZ0l4JxS+I3QxM97v5aaRNhj8v5oBhekw==}
    engines: {node: '>=0.10'}
    dev: false

  /discord-api-types@0.37.61:
    resolution: {integrity: sha512-o/dXNFfhBpYHpQFdT6FWzeO7pKc838QeeZ9d91CfVAtpr5XLK4B/zYxQbYgPdoMiTDvJfzcsLW5naXgmHGDNXw==}
    dev: false

  /discord-api-types@0.37.83:
    resolution: {integrity: sha512-urGGYeWtWNYMKnYlZnOnDHm8fVRffQs3U0SpE8RHeiuLKb/u92APS8HoQnPTFbnXmY1vVnXjXO4dOxcAn3J+DA==}
    dev: false

  /discord-api-types@0.37.84:
    resolution: {integrity: sha512-NngmTBW8vermlbO0qNtaS7SHCWB/R96ICqflTwM/cV7zsxyQGd38E2bBlwaxLbXgb2YTF3+Yx6+qGs/3sXedCw==}
    dev: false

  /discord.js@14.14.1:
    resolution: {integrity: sha512-/hUVzkIerxKHyRKopJy5xejp4MYKDPTszAnpYxzVVv4qJYf+Tkt+jnT2N29PIPschicaEEpXwF2ARrTYHYwQ5w==}
    engines: {node: '>=16.11.0'}
    dependencies:
      '@discordjs/builders': 1.7.0
      '@discordjs/collection': 1.5.3
      '@discordjs/formatters': 0.3.3
      '@discordjs/rest': 2.2.0
      '@discordjs/util': 1.0.2
      '@discordjs/ws': 1.0.2
      '@sapphire/snowflake': 3.5.1
      '@types/ws': 8.5.9
      discord-api-types: 0.37.61
      fast-deep-equal: 3.1.3
      lodash.snakecase: 4.1.1
      tslib: 2.6.2
      undici: 5.27.2
      ws: 8.14.2
    transitivePeerDependencies:
      - bufferutil
      - utf-8-validate
    dev: false

  /dotenv-cli@7.4.2:
    resolution: {integrity: sha512-SbUj8l61zIbzyhIbg0FwPJq6+wjbzdn9oEtozQpZ6kW2ihCcapKVZj49oCT3oPM+mgQm+itgvUQcG5szxVrZTA==}
    hasBin: true
    dependencies:
      cross-spawn: 7.0.3
      dotenv: 16.4.5
      dotenv-expand: 10.0.0
      minimist: 1.2.8
    dev: true

  /dotenv-expand@10.0.0:
    resolution: {integrity: sha512-GopVGCpVS1UKH75VKHGuQFqS1Gusej0z4FyQkPdwjil2gNIv+LNsqBlboOzpJFZKVT95GkCyWJbBSdFEFUWI2A==}
    engines: {node: '>=12'}
    dev: true

  /dotenv@16.4.5:
    resolution: {integrity: sha512-ZmdL2rui+eB2YwhsWzjInR8LldtZHGDoQ1ugH85ppHKwpUHL7j7rN0Ti9NCnGiQbhaZ11FpR+7ao1dNsmduNUg==}
    engines: {node: '>=12'}

  /eastasianwidth@0.2.0:
    resolution: {integrity: sha512-I88TYZWc9XiYHRQ4/3c5rjjfgkjhLyW2luGIheGERbNQ6OY7yTybanSpDXZa8y7VUP9YmDcYa+eyq4ca7iLqWA==}
    dev: true

  /emoji-regex@8.0.0:
    resolution: {integrity: sha512-MSjYzcWNOA0ewAHpz0MxpYFvwg6yjy1NG3xteoqz644VCo/RPgnr1/GGt+ic3iJTzQ8Eu3TdM14SawnVUmGE6A==}
    dev: true

  /emoji-regex@9.2.2:
    resolution: {integrity: sha512-L18DaJsXSUk2+42pv8mLs5jJT2hqFkFE4j21wOmgbUqsZ2hL72NsUU785g9RXgo3s0ZNgVl42TiHp3ZtOv/Vyg==}
    dev: true

  /fast-deep-equal@3.1.3:
    resolution: {integrity: sha512-f3qQ9oQy9j2AhBe/H9VC91wLmKBCCU/gDOnKNAYG5hswO7BLKj09Hc5HYNz9cGI++xlpDCIgDaitVs03ATR84Q==}
    dev: false

  /fill-range@7.0.1:
    resolution: {integrity: sha512-qOo9F+dMUmC2Lcb4BbVvnKJxTPjCm+RRpe4gDuGrzkL7mEVl/djYSu2OdQ2Pa302N4oqkSg9ir6jaLWJ2USVpQ==}
    engines: {node: '>=8'}
    dependencies:
      to-regex-range: 5.0.1

  /foreground-child@3.1.1:
    resolution: {integrity: sha512-TMKDUnIte6bfb5nWv7V/caI169OHgvwjb7V4WkeUvbQQdjr5rWKqHFiKWb/fcOwB+CzBT+qbWjvj+DVwRskpIg==}
    engines: {node: '>=14'}
    dependencies:
      cross-spawn: 7.0.3
      signal-exit: 4.1.0
    dev: true

  /fsevents@2.3.3:
    resolution: {integrity: sha512-5xoDfX+fL7faATnagmWPpbFtwh/R77WmMMqqHGS65C3vvB0YHrgF+B1YmZ3441tMj5n63k0212XNoJwzlhffQw==}
    engines: {node: ^8.16.0 || ^10.6.0 || >=11.0.0}
    os: [darwin]
    requiresBuild: true
    optional: true

  /generate-function@2.3.1:
    resolution: {integrity: sha512-eeB5GfMNeevm/GRYq20ShmsaGcmI81kIX2K9XQx5miC8KdHaC6Jm0qQ8ZNeGOi7wYB8OsdxKs+Y2oVuTFuVwKQ==}
    dependencies:
      is-property: 1.0.2
    dev: false

  /glob-parent@5.1.2:
    resolution: {integrity: sha512-AOIgSQCepiJYwP3ARnGx+5VnTu2HBYdzbGP45eLw1vr3zB3vZLeyed1sC9hnbcOc9/SrMyM5RPQrkGz4aS9Zow==}
    engines: {node: '>= 6'}
    dependencies:
      is-glob: 4.0.3

  /glob@10.3.15:
    resolution: {integrity: sha512-0c6RlJt1TICLyvJYIApxb8GsXoai0KUP7AxKKAtsYXdgJR1mGEUa7DgwShbdk1nly0PYoZj01xd4hzbq3fsjpw==}
    engines: {node: '>=16 || 14 >=14.18'}
    hasBin: true
    dependencies:
      foreground-child: 3.1.1
      jackspeak: 2.3.6
      minimatch: 9.0.4
      minipass: 7.1.1
      path-scurry: 1.11.1
    dev: true

  /has-flag@3.0.0:
    resolution: {integrity: sha512-sKJf1+ceQBr4SMkvQnBDNDtf4TXpVhVGateu0t918bl30FnbE2m4vNLX+VWe/dpjlb+HugGYzW7uQXH98HPEYw==}
    engines: {node: '>=4'}
    dev: true

  /i18next@23.11.4:
    resolution: {integrity: sha512-CCUjtd5TfaCl+mLUzAA0uPSN+AVn4fP/kWCYt/hocPUwusTpMVczdrRyOBUwk6N05iH40qiKx6q1DoNJtBIwdg==}
    dependencies:
      '@babel/runtime': 7.24.5
    dev: false

  /iconv-lite@0.6.3:
    resolution: {integrity: sha512-4fCk79wshMdzMp2rH06qWrJE4iolqLhCUH+OiuIgU++RB0+94NlDL81atO7GX55uUKueo0txHNtvEyI6D7WdMw==}
    engines: {node: '>=0.10.0'}
    dependencies:
      safer-buffer: 2.1.2
    dev: false

  /ignore-by-default@1.0.1:
    resolution: {integrity: sha512-Ius2VYcGNk7T90CppJqcIkS5ooHUZyIQK+ClZfMfMNFEF9VSE73Fq+906u/CWu92x4gzZMWOwfFYckPObzdEbA==}
    dev: true

  /is-binary-path@2.1.0:
    resolution: {integrity: sha512-ZMERYes6pDydyuGidse7OsHxtbI7WVeUEozgR/g7rd0xUimYNlvZRE/K2MgZTjWy725IfelLeVcEM97mmtRGXw==}
    engines: {node: '>=8'}
    dependencies:
      binary-extensions: 2.3.0

  /is-extglob@2.1.1:
    resolution: {integrity: sha512-SbKbANkN603Vi4jEZv49LeVJMn4yGwsbzZworEoyEiutsN3nJYdbO36zfhGJ6QEDpOZIFkDtnq5JRxmvl3jsoQ==}
    engines: {node: '>=0.10.0'}

  /is-fullwidth-code-point@3.0.0:
    resolution: {integrity: sha512-zymm5+u+sCsSWyD9qNaejV3DFvhCKclKdizYaJUuHA83RLjb7nSuGnddCHGv0hk+KY7BMAlsWeK4Ueg6EV6XQg==}
    engines: {node: '>=8'}
    dev: true

  /is-glob@4.0.3:
    resolution: {integrity: sha512-xelSayHH36ZgE7ZWhli7pW34hNbNl8Ojv5KVmkJD4hBdD3th8Tfk9vYasLM+mXWOZhFkgZfxhLSnrwRr4elSSg==}
    engines: {node: '>=0.10.0'}
    dependencies:
      is-extglob: 2.1.1

  /is-number@7.0.0:
    resolution: {integrity: sha512-41Cifkg6e8TylSpdtTpeLVMqvSBEVzTttHvERD741+pnZ8ANv0004MRL43QKPDlK9cGvNp6NZWZUBlbGXYxxng==}
    engines: {node: '>=0.12.0'}

  /is-property@1.0.2:
    resolution: {integrity: sha512-Ks/IoX00TtClbGQr4TWXemAnktAQvYB7HzcCxDGqEZU6oCmb2INHuOoKxbtR+HFkmYWBKv/dOZtGRiAjDhj92g==}
    dev: false

  /isexe@2.0.0:
    resolution: {integrity: sha512-RHxMLp9lnKHGHRng9QFhRCMbYAcVpn69smSGcq3f36xjgVVWThj4qqLbTLlq7Ssj8B+fIQ1EuCEGI2lKsyQeIw==}
    dev: true

  /jackspeak@2.3.6:
    resolution: {integrity: sha512-N3yCS/NegsOBokc8GAdM8UcmfsKiSS8cipheD/nivzr700H+nsMOxJjQnvwOcRYVuFkdH0wGUvW2WbXGmrZGbQ==}
    engines: {node: '>=14'}
    dependencies:
      '@isaacs/cliui': 8.0.2
    optionalDependencies:
      '@pkgjs/parseargs': 0.11.0
    dev: true

  /lodash.snakecase@4.1.1:
    resolution: {integrity: sha512-QZ1d4xoBHYUeuouhEq3lk3Uq7ldgyFXGBhg04+oRLnIz8o9T65Eh+8YdroUwn846zchkA9yDsDl5CVVaV2nqYw==}
    dev: false

  /lodash@4.17.21:
    resolution: {integrity: sha512-v2kDEe57lecTulaDIuNTPy3Ry4gLGJ6Z1O3vE1krgXZNrsQ+LFTGHVxVjcXPs17LhbZVGedAJv8XZ1tvj5FvSg==}
    dev: false

  /long@5.2.3:
    resolution: {integrity: sha512-lcHwpNoggQTObv5apGNCTdJrO69eHOZMi4BNC+rTLER8iHAqGrUVeLh/irVIM7zTw2bOXA8T6uNPeujwOLg/2Q==}
    dev: false

  /lru-cache@10.2.2:
    resolution: {integrity: sha512-9hp3Vp2/hFQUiIwKo8XCeFVnrg8Pk3TYNPIR7tJADKi5YfcF7vEaK7avFHTlSy3kOKYaJQaalfEo6YuXdceBOQ==}
    engines: {node: 14 || >=16.14}
    dev: true

  /lru-cache@6.0.0:
    resolution: {integrity: sha512-Jo6dJ04CmSjuznwJSS3pUeWmd/H0ffTlkXXgwZi+eq1UCmqQwCh+eLsYOYCwY991i2Fah4h1BEMCx4qThGbsiA==}
    engines: {node: '>=10'}
    dependencies:
      yallist: 4.0.0
    dev: true

  /lru-cache@7.18.3:
    resolution: {integrity: sha512-jumlc0BIUrS3qJGgIkWZsyfAM7NCWiBcCDhnd+3NNM5KbBmLTgHVfWBcg6W+rLUsIpzpERPsvwUP7CckAQSOoA==}
    engines: {node: '>=12'}
    dev: false

  /lru-cache@8.0.5:
    resolution: {integrity: sha512-MhWWlVnuab1RG5/zMRRcVGXZLCXrZTgfwMikgzCegsPnG62yDQo5JnqKkrK4jO5iKqDAZGItAqN5CtKBCBWRUA==}
    engines: {node: '>=16.14'}
    dev: false

  /magic-bytes.js@1.10.0:
    resolution: {integrity: sha512-/k20Lg2q8LE5xiaaSkMXk4sfvI+9EGEykFS4b0CHHGWqDYU0bGUFSwchNOMA56D7TCs9GwVTkqe9als1/ns8UQ==}
    dev: false

  /minimatch@3.1.2:
    resolution: {integrity: sha512-J7p63hRiAjw1NDEww1W7i37+ByIrOWO5XQQAzZ3VOcL0PNybwpfmV/N05zFAzwQ9USyEcX6t3UO+K5aqBQOIHw==}
    dependencies:
      brace-expansion: 1.1.11
    dev: true

  /minimatch@9.0.4:
    resolution: {integrity: sha512-KqWh+VchfxcMNRAJjj2tnsSJdNbHsVgnkBhTNrW7AjVo6OvLtxw8zfT9oLw1JSohlFzJ8jCoTgaoXvJ+kHt6fw==}
    engines: {node: '>=16 || 14 >=14.17'}
    dependencies:
      brace-expansion: 2.0.1
    dev: true

  /minimist@1.2.8:
    resolution: {integrity: sha512-2yyAR8qBkN3YuheJanUpWC5U3bb5osDywNB8RzDVlDwDHbocAJveqqj1u8+SVD7jkWT4yvsHCpWqqWqAxb0zCA==}
    dev: true

  /minipass@7.1.1:
    resolution: {integrity: sha512-UZ7eQ+h8ywIRAW1hIEl2AqdwzJucU/Kp59+8kkZeSvafXhZjul247BvIJjEVFVeON6d7lM46XX1HXCduKAS8VA==}
    engines: {node: '>=16 || 14 >=14.17'}
    dev: true

  /ms@2.1.2:
    resolution: {integrity: sha512-sGkPx+VjMtmA6MX27oA4FBFELFCZZ4S4XqeGOXCv68tT+jb3vk/RyaKWP0PTKyWtmLSM0b+adUTEvbs1PEaH2w==}
    dev: true

  /mysql2@3.9.4:
    resolution: {integrity: sha512-OEESQuwxMza803knC1YSt7NMuc1BrK9j7gZhCSs2WAyxr1vfiI7QLaLOKTh5c9SWGz98qVyQUbK8/WckevNQhg==}
    engines: {node: '>= 8.0'}
    dependencies:
      denque: 2.1.0
      generate-function: 2.3.1
      iconv-lite: 0.6.3
      long: 5.2.3
      lru-cache: 8.0.5
      named-placeholders: 1.1.3
      seq-queue: 0.0.5
      sqlstring: 2.3.3
    dev: false

  /named-placeholders@1.1.3:
    resolution: {integrity: sha512-eLoBxg6wE/rZkJPhU/xRX1WTpkFEwDJEN96oxFrTsqBdbT5ec295Q+CoHrL9IT0DipqKhmGcaZmwOt8OON5x1w==}
    engines: {node: '>=12.0.0'}
    dependencies:
      lru-cache: 7.18.3
    dev: false

  /nodemon@3.1.0:
    resolution: {integrity: sha512-xqlktYlDMCepBJd43ZQhjWwMw2obW/JRvkrLxq5RCNcuDDX1DbcPT+qT1IlIIdf+DhnWs90JpTMe+Y5KxOchvA==}
    engines: {node: '>=10'}
    hasBin: true
    dependencies:
      chokidar: 3.6.0
      debug: 4.3.4(supports-color@5.5.0)
      ignore-by-default: 1.0.1
      minimatch: 3.1.2
      pstree.remy: 1.1.8
      semver: 7.6.0
      simple-update-notifier: 2.0.0
      supports-color: 5.5.0
      touch: 3.1.1
      undefsafe: 2.0.5
    dev: true

  /normalize-path@3.0.0:
    resolution: {integrity: sha512-6eZs5Ls3WtCisHWp9S2GUy8dqkpGi4BVSz3GaqiE6ezub0512ESztXUwUB6C6IKbQkY2Pnb/mD4WYojCRwcwLA==}
    engines: {node: '>=0.10.0'}

  /path-key@3.1.1:
    resolution: {integrity: sha512-ojmeN0qd+y0jszEtoY48r0Peq5dwMEkIlCOu6Q5f41lfkswXuKtYrhgoTpLnyIcHm24Uhqx+5Tqm2InSwLhE6Q==}
    engines: {node: '>=8'}
    dev: true

  /path-scurry@1.11.1:
    resolution: {integrity: sha512-Xa4Nw17FS9ApQFJ9umLiJS4orGjm7ZzwUrwamcGQuHSzDyth9boKDaycYdDcZDuqYATXw4HFXgaqWTctW/v1HA==}
    engines: {node: '>=16 || 14 >=14.18'}
    dependencies:
      lru-cache: 10.2.2
      minipass: 7.1.1
    dev: true

  /picomatch@2.3.1:
    resolution: {integrity: sha512-JU3teHTNjmE2VCGFzuY8EXzCDVwEqB2a8fsIvwaStHhAWJEeVd1o1QD80CU6+ZdEXXSLbSsuLwJjkCBWqRQUVA==}
    engines: {node: '>=8.6'}

  /prisma@5.14.0:
    resolution: {integrity: sha512-gCNZco7y5XtjrnQYeDJTiVZmT/ncqCr5RY1/Cf8X2wgLRmyh9ayPAGBNziI4qEE4S6SxCH5omQLVo9lmURaJ/Q==}
    engines: {node: '>=16.13'}
    hasBin: true
    requiresBuild: true
    dependencies:
      '@prisma/engines': 5.14.0

  /pstree.remy@1.1.8:
    resolution: {integrity: sha512-77DZwxQmxKnu3aR542U+X8FypNzbfJ+C5XQDk3uWjWxn6151aIMGthWYRXTqT1E5oJvg+ljaa2OJi+VfvCOQ8w==}
    dev: true

  /readdirp@3.6.0:
    resolution: {integrity: sha512-hOS089on8RduqdbhvQ5Z37A0ESjsqz6qnRcffsMU3495FuTdqSm+7bhJ29JvIOsBDEEnan5DPu9t3To9VRlMzA==}
    engines: {node: '>=8.10.0'}
    dependencies:
      picomatch: 2.3.1

  /regenerator-runtime@0.14.1:
    resolution: {integrity: sha512-dYnhHh0nJoMfnkZs6GmmhFknAGRrLznOu5nc9ML+EJxGvrx6H7teuevqVqCuPcPK//3eDrrjQhehXVx9cnkGdw==}
    dev: false

  /rimraf@5.0.7:
    resolution: {integrity: sha512-nV6YcJo5wbLW77m+8KjH8aB/7/rxQy9SZ0HY5shnwULfS+9nmTtVXAJET5NdZmCzA4fPI/Hm1wo/Po/4mopOdg==}
    engines: {node: '>=14.18'}
    hasBin: true
    dependencies:
      glob: 10.3.15
    dev: true

  /safer-buffer@2.1.2:
    resolution: {integrity: sha512-YZo3K82SD7Riyi0E1EQPojLz7kpepnSQI9IyPbHHg1XXXevb5dJI7tpyN2ADxGcQbHG7vcyRHk0cbwqcQriUtg==}
    dev: false

  /semver@7.6.0:
    resolution: {integrity: sha512-EnwXhrlwXMk9gKu5/flx5sv/an57AkRplG3hTK68W7FRDN+k+OWBj65M7719OkA82XLBxrcX0KSHj+X5COhOVg==}
    engines: {node: '>=10'}
    hasBin: true
    dependencies:
      lru-cache: 6.0.0
    dev: true

  /seq-queue@0.0.5:
    resolution: {integrity: sha512-hr3Wtp/GZIc/6DAGPDcV4/9WoZhjrkXsi5B/07QgX8tsdc6ilr7BFM6PM6rbdAX1kFSDYeZGLipIZZKyQP0O5Q==}
    dev: false

  /shebang-command@2.0.0:
    resolution: {integrity: sha512-kHxr2zZpYtdmrN1qDjrrX/Z1rR1kG8Dx+gkpK1G4eXmvXswmcE1hTWBWYUzlraYw1/yZp6YuDY77YtvbN0dmDA==}
    engines: {node: '>=8'}
    dependencies:
      shebang-regex: 3.0.0
    dev: true

  /shebang-regex@3.0.0:
    resolution: {integrity: sha512-7++dFhtcx3353uBaq8DDR4NuxBetBzC7ZQOhmTQInHEd6bSrXdiEyzCvG07Z44UYdLShWUyXt5M/yhz8ekcb1A==}
    engines: {node: '>=8'}
    dev: true

  /signal-exit@4.1.0:
    resolution: {integrity: sha512-bzyZ1e88w9O1iNJbKnOlvYTrWPDl46O1bG0D3XInv+9tkPrxrN8jUUTiFlDkkmKWgn1M6CfIA13SuGqOa9Korw==}
    engines: {node: '>=14'}
    dev: true

  /simple-update-notifier@2.0.0:
    resolution: {integrity: sha512-a2B9Y0KlNXl9u/vsW6sTIu9vGEpfKu2wRV6l1H3XEas/0gUIzGzBoP/IouTcUQbm9JWZLH3COxyn03TYlFax6w==}
    engines: {node: '>=10'}
    dependencies:
      semver: 7.6.0
    dev: true

  /sqlstring@2.3.3:
    resolution: {integrity: sha512-qC9iz2FlN7DQl3+wjwn3802RTyjCx7sDvfQEXchwa6CWOx07/WVfh91gBmQ9fahw8snwGEWU3xGzOt4tFyHLxg==}
    engines: {node: '>= 0.6'}
    dev: false

  /string-width@4.2.3:
    resolution: {integrity: sha512-wKyQRQpjJ0sIp62ErSZdGsjMJWsap5oRNihHhu6G7JVO/9jIB6UyevL+tXuOqrng8j/cxKTWyWUwvSTriiZz/g==}
    engines: {node: '>=8'}
    dependencies:
      emoji-regex: 8.0.0
      is-fullwidth-code-point: 3.0.0
      strip-ansi: 6.0.1
    dev: true

  /string-width@5.1.2:
    resolution: {integrity: sha512-HnLOCR3vjcY8beoNLtcjZ5/nxn2afmME6lhrDrebokqMap+XbeW8n9TXpPDOqdGK5qcI3oT0GKTW6wC7EMiVqA==}
    engines: {node: '>=12'}
    dependencies:
      eastasianwidth: 0.2.0
      emoji-regex: 9.2.2
      strip-ansi: 7.1.0
    dev: true

  /strip-ansi@6.0.1:
    resolution: {integrity: sha512-Y38VPSHcqkFrCpFnQ9vuSXmquuv5oXOKpGeT6aGrr3o3Gc9AlVa6JBfUSOCnbxGGZF+/0ooI7KrPuUSztUdU5A==}
    engines: {node: '>=8'}
    dependencies:
      ansi-regex: 5.0.1
    dev: true

  /strip-ansi@7.1.0:
    resolution: {integrity: sha512-iq6eVVI64nQQTRYq2KtEg2d2uU7LElhTJwsH4YzIHZshxlgZms/wIc4VoDQTlG/IvVIrBKG06CrZnp0qv7hkcQ==}
    engines: {node: '>=12'}
    dependencies:
      ansi-regex: 6.0.1
    dev: true

  /supports-color@5.5.0:
    resolution: {integrity: sha512-QjVjwdXIt408MIiAqCX4oUKsgU2EqAGzs2Ppkm4aQYbjm+ZEWEcW4SfFNTr4uMNZma0ey4f5lgLrkB0aX0QMow==}
    engines: {node: '>=4'}
    dependencies:
      has-flag: 3.0.0
    dev: true

  /to-regex-range@5.0.1:
    resolution: {integrity: sha512-65P7iz6X5yEr1cwcgvQxbbIw7Uk3gOy5dIdtZ4rDveLqhrdJP+Li/Hx6tyK0NEb+2GCyneCMJiGqrADCSNk8sQ==}
    engines: {node: '>=8.0'}
    dependencies:
      is-number: 7.0.0

  /touch@3.1.1:
    resolution: {integrity: sha512-r0eojU4bI8MnHr8c5bNo7lJDdI2qXlWWJk6a9EAFG7vbhTjElYhBVS3/miuE0uOuoLdb8Mc/rVfsmm6eo5o9GA==}
    hasBin: true
    dev: true

  /ts-mixer@6.0.4:
    resolution: {integrity: sha512-ufKpbmrugz5Aou4wcr5Wc1UUFWOLhq+Fm6qa6P0w0K5Qw2yhaUoiWszhCVuNQyNwrlGiscHOmqYoAox1PtvgjA==}
    dev: false

  /tslib@2.6.2:
    resolution: {integrity: sha512-AEYxH93jGFPn/a2iVAwW87VuUIkR1FVUKB77NwMF7nBTDkDrrT/Hpt/IrCJ0QXhW27jTBDcf5ZY7w6RiqTMw2Q==}
    dev: false

  /turbo-darwin-64@1.13.2:
    resolution: {integrity: sha512-CCSuD8CfmtncpohCuIgq7eAzUas0IwSbHfI8/Q3vKObTdXyN8vAo01gwqXjDGpzG9bTEVedD0GmLbD23dR0MLA==}
    cpu: [x64]
    os: [darwin]
    requiresBuild: true
    dev: true
    optional: true

  /turbo-darwin-arm64@1.13.2:
    resolution: {integrity: sha512-0HySm06/D2N91rJJ89FbiI/AodmY8B3WDSFTVEpu2+8spUw7hOJ8okWOT0e5iGlyayUP9gr31eOeL3VFZkpfCw==}
    cpu: [arm64]
    os: [darwin]
    requiresBuild: true
    dev: true
    optional: true

  /turbo-linux-64@1.13.2:
    resolution: {integrity: sha512-7HnibgbqZrjn4lcfIouzlPu8ZHSBtURG4c7Bedu7WJUDeZo+RE1crlrQm8wuwO54S0siYqUqo7GNHxu4IXbioQ==}
    cpu: [x64]
    os: [linux]
    requiresBuild: true
    dev: true
    optional: true

  /turbo-linux-arm64@1.13.2:
    resolution: {integrity: sha512-sUq4dbpk6SNKg/Hkwn256Vj2AEYSQdG96repio894h5/LEfauIK2QYiC/xxAeW3WBMc6BngmvNyURIg7ltrePg==}
    cpu: [arm64]
    os: [linux]
    requiresBuild: true
    dev: true
    optional: true

  /turbo-windows-64@1.13.2:
    resolution: {integrity: sha512-DqzhcrciWq3dpzllJR2VVIyOhSlXYCo4mNEWl98DJ3FZ08PEzcI3ceudlH6F0t/nIcfSItK1bDP39cs7YoZHEA==}
    cpu: [x64]
    os: [win32]
    requiresBuild: true
    dev: true
    optional: true

  /turbo-windows-arm64@1.13.2:
    resolution: {integrity: sha512-WnPMrwfCXxK69CdDfS1/j2DlzcKxSmycgDAqV0XCYpK/812KB0KlvsVAt5PjEbZGXkY88pCJ1BLZHAjF5FcbqA==}
    cpu: [arm64]
    os: [win32]
    requiresBuild: true
    dev: true
    optional: true

  /turbo@1.13.2:
    resolution: {integrity: sha512-rX/d9f4MgRT3yK6cERPAkfavIxbpBZowDQpgvkYwGMGDQ0Nvw1nc0NVjruE76GrzXQqoxR1UpnmEP54vBARFHQ==}
    hasBin: true
    optionalDependencies:
      turbo-darwin-64: 1.13.2
      turbo-darwin-arm64: 1.13.2
      turbo-linux-64: 1.13.2
      turbo-linux-arm64: 1.13.2
      turbo-windows-64: 1.13.2
      turbo-windows-arm64: 1.13.2
    dev: true

  /type-fest@4.15.0:
    resolution: {integrity: sha512-tB9lu0pQpX5KJq54g+oHOLumOx+pMep4RaM6liXh2PKmVRFF+/vAtUP0ZaJ0kOySfVNjF6doBWPHhBhISKdlIA==}
    engines: {node: '>=16'}
    dev: true

  /typescript@5.4.5:
    resolution: {integrity: sha512-vcI4UpRgg81oIRUFwR0WSIHKt11nJ7SAVlYNIu+QpqeyXP+gpQJy/Z4+F0aGxSE4MqwjyXvW/TzgkLAx2AGHwQ==}
    engines: {node: '>=14.17'}
    hasBin: true
    dev: true

  /undefsafe@2.0.5:
    resolution: {integrity: sha512-WxONCrssBM8TSPRqN5EmsjVrsv4A8X12J4ArBiiayv3DyyG3ZlIg6yysuuSYdZsVz3TKcTg2fd//Ujd4CHV1iA==}
    dev: true

  /undici-types@5.26.5:
    resolution: {integrity: sha512-JlCMO+ehdEIKqlFxk6IfVoAUVmgz7cU7zD/h9XZ0qzeosSHmUJVOzSQvvYSYWXkFXC+IfLKSIffhv0sVZup6pA==}

  /undici@5.27.2:
    resolution: {integrity: sha512-iS857PdOEy/y3wlM3yRp+6SNQQ6xU0mmZcwRSriqk+et/cwWAtwmIGf6WkoDN2EK/AMdCO/dfXzIwi+rFMrjjQ==}
    engines: {node: '>=14.0'}
    dependencies:
      '@fastify/busboy': 2.1.1
    dev: false

  /which@2.0.2:
    resolution: {integrity: sha512-BLI3Tl1TW3Pvl70l3yq3Y64i+awpwXqsGBYWkkqMtnbXgrMD+yj7rhW0kuEDxzJaYXGjEW5ogapKNMEKNMjibA==}
    engines: {node: '>= 8'}
    hasBin: true
    dependencies:
      isexe: 2.0.0
    dev: true

  /wrap-ansi@7.0.0:
    resolution: {integrity: sha512-YVGIj2kamLSTxw6NsZjoBxfSwsn0ycdesmc4p+Q21c5zPuZ1pl+NfxVdxPtdHvmNVOQ6XSYG4AUtyt/Fi7D16Q==}
    engines: {node: '>=10'}
    dependencies:
      ansi-styles: 4.3.0
      string-width: 4.2.3
      strip-ansi: 6.0.1
    dev: true

  /wrap-ansi@8.1.0:
    resolution: {integrity: sha512-si7QWI6zUMq56bESFvagtmzMdGOtoxfR+Sez11Mobfc7tm+VkUckk9bW2UeffTGVUbOksxmSw0AA2gs8g71NCQ==}
    engines: {node: '>=12'}
    dependencies:
      ansi-styles: 6.2.1
      string-width: 5.1.2
      strip-ansi: 7.1.0
    dev: true

  /ws@8.14.2:
    resolution: {integrity: sha512-wEBG1ftX4jcglPxgFCMJmZ2PLtSbJ2Peg6TmpJFTbe9GZYOQCDPdMYu/Tm0/bGZkw8paZnJY45J4K2PZrLYq8g==}
    engines: {node: '>=10.0.0'}
    peerDependencies:
      bufferutil: ^4.0.1
      utf-8-validate: '>=5.0.2'
    peerDependenciesMeta:
      bufferutil:
        optional: true
      utf-8-validate:
        optional: true
    dev: false

  /yallist@4.0.0:
    resolution: {integrity: sha512-3wdGidZyq5PB084XLES5TpOSRA3wjXAlIWMhum2kRcv/41Sn2emQ0dycQW4uZXLejwKvg6EsvbdlVL+FYEct7A==}
    dev: true

  /zod@3.22.4:
    resolution: {integrity: sha512-iC+8Io04lddc+mVqQ9AZ7OQ2MrUKGN+oIQyq1vemgt46jwCwLfhq7/pwnBnNXXXZb8VTVLKwp9EDkx+ryxIWmg==}
    dev: false
